
Microsoft Visual Studio Solution File, Format Version 12.00
# Visual Studio Version 17
VisualStudioVersion = 17.14.36327.8 d17.14
MinimumVisualStudioVersion = 10.0.40219.1
Project("{FAE04EC0-301F-11D3-BF4B-00C04F79EFBC}") = "HospitadentApi.Entity", "HospitadentApi.Entity\HospitadentApi.Entity.csproj", "{3136DB44-4074-42E8-AD35-EC0B4E150519}"
EndProject
Project("{FAE04EC0-301F-11D3-BF4B-00C04F79EFBC}") = "HospitadentApi.WebService", "HospitadentApi.WebService\HospitadentApi.WebService.csproj", "{740EA82C-E3D2-4A4D-A330-EDC8FF5566B7}"
EndProject
Project("{FAE04EC0-301F-11D3-BF4B-00C04F79EFBC}") = "HospitadentApi.Repository", "HospitadentApi.Repository\HospitadentApi.Repository.csproj", "{733A5BD0-A995-4593-8738-148640EF0BDB}"
EndProject
Global
	GlobalSection(SolutionConfigurationPlatforms) = preSolution
		Debug|Any CPU = Debug|Any CPU
		Release|Any CPU = Release|Any CPU
	EndGlobalSection
	GlobalSection(ProjectConfigurationPlatforms) = postSolution
		{3136DB44-4074-42E8-AD35-EC0B4E150519}.Debug|Any CPU.ActiveCfg = Debug|Any CPU
		{3136DB44-4074-42E8-AD35-EC0B4E150519}.Debug|Any CPU.Build.0 = Debug|Any CPU
		{3136DB44-4074-42E8-AD35-EC0B4E150519}.Release|Any CPU.ActiveCfg = Release|Any CPU
		{3136DB44-4074-42E8-AD35-EC0B4E150519}.Release|Any CPU.Build.0 = Release|Any CPU
		{740EA82C-E3D2-4A4D-A330-EDC8FF5566B7}.Debug|Any CPU.ActiveCfg = Debug|Any CPU
		{740EA82C-E3D2-4A4D-A330-EDC8FF5566B7}.Debug|Any CPU.Build.0 = Debug|Any CPU
		{740EA82C-E3D2-4A4D-A330-EDC8FF5566B7}.Release|Any CPU.ActiveCfg = Release|Any CPU
		{740EA82C-E3D2-4A4D-A330-EDC8FF5566B7}.Release|Any CPU.Build.0 = Release|Any CPU
		{733A5BD0-A995-4593-8738-148640EF0BDB}.Debug|Any CPU.ActiveCfg = Debug|Any CPU
		{733A5BD0-A995-4593-8738-148640EF0BDB}.Debug|Any CPU.Build.0 = Debug|Any CPU
		{733A5BD0-A995-4593-8738-148640EF0BDB}.Release|Any CPU.ActiveCfg = Release|Any CPU
		{733A5BD0-A995-4593-8738-148640EF0BDB}.Release|Any CPU.Build.0 = Release|Any CPU
	EndGlobalSection
	GlobalSection(SolutionProperties) = preSolution
		HideSolutionNode = FALSE
	EndGlobalSection
	GlobalSection(ExtensibilityGlobals) = postSolution
		SolutionGuid = {3542DEED-20DD-4FA6-A71F-122A19E8B959}
	EndGlobalSection
EndGlobal
